
Microsoft Visual Studio Solution File, Format Version 12.00
# Visual Studio 15
VisualStudioVersion = 15.0.28307.168
MinimumVisualStudioVersion = 10.0.40219.1
Project("{9A19103F-16F7-4668-BE54-9A1E7A4F7556}") = "System.Threading.HybridLocks", "System.Threading.HybridLocks\System.Threading.HybridLocks.csproj", "{612D3C83-F9B1-4721-8DC2-63AD20CF872F}"
EndProject
Project("{9A19103F-16F7-4668-BE54-9A1E7A4F7556}") = "Test.Threading.HybridLocks", "Test.Threading.HybridLocks\Test.Threading.HybridLocks.csproj", "{84A78F69-7635-4554-B923-4982BA68F6C0}"
EndProject
Project("{9A19103F-16F7-4668-BE54-9A1E7A4F7556}") = "Benchmark.HybridLocks", "Benchmark.HybridLocks\Benchmark.HybridLocks.csproj", "{635B8393-9E60-4513-A56A-621A0D3753EE}"
EndProject
Project("{2150E333-8FDC-42A3-9474-1A3956D46DE8}") = "Solution Items", "Solution Items", "{D2D3FF3E-508C-4ECB-A2F8-D4684CE1BBC9}"
	ProjectSection(SolutionItems) = preProject
		.gitlab-ci.yml = .gitlab-ci.yml
		README.md = README.md
	EndProjectSection
EndProject
Global
	GlobalSection(SolutionConfigurationPlatforms) = preSolution
		Debug|Any CPU = Debug|Any CPU
		Release|Any CPU = Release|Any CPU
	EndGlobalSection
	GlobalSection(ProjectConfigurationPlatforms) = postSolution
		{612D3C83-F9B1-4721-8DC2-63AD20CF872F}.Debug|Any CPU.ActiveCfg = Debug|Any CPU
		{612D3C83-F9B1-4721-8DC2-63AD20CF872F}.Debug|Any CPU.Build.0 = Debug|Any CPU
		{612D3C83-F9B1-4721-8DC2-63AD20CF872F}.Release|Any CPU.ActiveCfg = Release|Any CPU
		{612D3C83-F9B1-4721-8DC2-63AD20CF872F}.Release|Any CPU.Build.0 = Release|Any CPU
		{84A78F69-7635-4554-B923-4982BA68F6C0}.Debug|Any CPU.ActiveCfg = Debug|Any CPU
		{84A78F69-7635-4554-B923-4982BA68F6C0}.Debug|Any CPU.Build.0 = Debug|Any CPU
		{84A78F69-7635-4554-B923-4982BA68F6C0}.Release|Any CPU.ActiveCfg = Release|Any CPU
		{84A78F69-7635-4554-B923-4982BA68F6C0}.Release|Any CPU.Build.0 = Release|Any CPU
		{635B8393-9E60-4513-A56A-621A0D3753EE}.Debug|Any CPU.ActiveCfg = Debug|Any CPU
		{635B8393-9E60-4513-A56A-621A0D3753EE}.Debug|Any CPU.Build.0 = Debug|Any CPU
		{635B8393-9E60-4513-A56A-621A0D3753EE}.Release|Any CPU.ActiveCfg = Release|Any CPU
		{635B8393-9E60-4513-A56A-621A0D3753EE}.Release|Any CPU.Build.0 = Release|Any CPU
	EndGlobalSection
	GlobalSection(SolutionProperties) = preSolution
		HideSolutionNode = FALSE
	EndGlobalSection
	GlobalSection(ExtensibilityGlobals) = postSolution
		SolutionGuid = {C78687B7-0466-448F-A2BF-8BE4C35AC2F6}
	EndGlobalSection
EndGlobal
